
Microsoft Visual Studio Solution File, Format Version 12.00
# Visual Studio Version 17
VisualStudioVersion = 17.3.32901.215
MinimumVisualStudioVersion = 10.0.40219.1
Project("{FAE04EC0-301F-11D3-BF4B-00C04F79EFBC}") = "Duplas", "Duplas\Duplas.csproj", "{F9023E43-42F3-4619-B7FF-40E3CE9F8573}"
EndProject
Global
	GlobalSection(SolutionConfigurationPlatforms) = preSolution
		Debug|Any CPU = Debug|Any CPU
		Release|Any CPU = Release|Any CPU
	EndGlobalSection
	GlobalSection(ProjectConfigurationPlatforms) = postSolution
		{F9023E43-42F3-4619-B7FF-40E3CE9F8573}.Debug|Any CPU.ActiveCfg = Debug|Any CPU
		{F9023E43-42F3-4619-B7FF-40E3CE9F8573}.Debug|Any CPU.Build.0 = Debug|Any CPU
		{F9023E43-42F3-4619-B7FF-40E3CE9F8573}.Release|Any CPU.ActiveCfg = Release|Any CPU
		{F9023E43-42F3-4619-B7FF-40E3CE9F8573}.Release|Any CPU.Build.0 = Release|Any CPU
	EndGlobalSection
	GlobalSection(SolutionProperties) = preSolution
		HideSolutionNode = FALSE
	EndGlobalSection
	GlobalSection(ExtensibilityGlobals) = postSolution
		SolutionGuid = {2F3DF25A-A3DD-4A31-A622-3A06A7B2B151}
	EndGlobalSection
EndGlobal
