
Microsoft Visual Studio Solution File, Format Version 12.00
# Visual Studio Version 17
VisualStudioVersion = 17.2.32630.192
MinimumVisualStudioVersion = 10.0.40219.1
Project("{FAE04EC0-301F-11D3-BF4B-00C04F79EFBC}") = "OperadoreesAritmeticos", "OperadoreesAritmeticos\OperadoreesAritmeticos.csproj", "{3D4FF27C-C8E8-452E-A75D-C722ED86DC32}"
EndProject
Global
	GlobalSection(SolutionConfigurationPlatforms) = preSolution
		Debug|Any CPU = Debug|Any CPU
		Release|Any CPU = Release|Any CPU
	EndGlobalSection
	GlobalSection(ProjectConfigurationPlatforms) = postSolution
		{3D4FF27C-C8E8-452E-A75D-C722ED86DC32}.Debug|Any CPU.ActiveCfg = Debug|Any CPU
		{3D4FF27C-C8E8-452E-A75D-C722ED86DC32}.Debug|Any CPU.Build.0 = Debug|Any CPU
		{3D4FF27C-C8E8-452E-A75D-C722ED86DC32}.Release|Any CPU.ActiveCfg = Release|Any CPU
		{3D4FF27C-C8E8-452E-A75D-C722ED86DC32}.Release|Any CPU.Build.0 = Release|Any CPU
	EndGlobalSection
	GlobalSection(SolutionProperties) = preSolution
		HideSolutionNode = FALSE
	EndGlobalSection
	GlobalSection(ExtensibilityGlobals) = postSolution
		SolutionGuid = {0085FB02-DD52-4639-AFDD-CE1F288CE484}
	EndGlobalSection
EndGlobal
