
Microsoft Visual Studio Solution File, Format Version 12.00
# Visual Studio Version 17
VisualStudioVersion = 17.3.32901.215
MinimumVisualStudioVersion = 10.0.40219.1
Project("{FAE04EC0-301F-11D3-BF4B-00C04F79EFBC}") = "Dowhile", "Dowhile\Dowhile.csproj", "{1D68F272-2FC3-4E9E-8810-7DF9137F613D}"
EndProject
Global
	GlobalSection(SolutionConfigurationPlatforms) = preSolution
		Debug|Any CPU = Debug|Any CPU
		Release|Any CPU = Release|Any CPU
	EndGlobalSection
	GlobalSection(ProjectConfigurationPlatforms) = postSolution
		{1D68F272-2FC3-4E9E-8810-7DF9137F613D}.Debug|Any CPU.ActiveCfg = Debug|Any CPU
		{1D68F272-2FC3-4E9E-8810-7DF9137F613D}.Debug|Any CPU.Build.0 = Debug|Any CPU
		{1D68F272-2FC3-4E9E-8810-7DF9137F613D}.Release|Any CPU.ActiveCfg = Release|Any CPU
		{1D68F272-2FC3-4E9E-8810-7DF9137F613D}.Release|Any CPU.Build.0 = Release|Any CPU
	EndGlobalSection
	GlobalSection(SolutionProperties) = preSolution
		HideSolutionNode = FALSE
	EndGlobalSection
	GlobalSection(ExtensibilityGlobals) = postSolution
		SolutionGuid = {C34F072E-11F5-446D-A37A-9EDB70BE7858}
	EndGlobalSection
EndGlobal
